# THIS IS AN AUTOGENERATED FILE. DO NOT EDIT THIS FILE DIRECTLY.
# yarn lockfile v1


react-minimal-pie-chart@^8.2.0:
  version "8.2.0"
  resolved "https://registry.yarnpkg.com/react-minimal-pie-chart/-/react-minimal-pie-chart-8.2.0.tgz#22b53af2363f040d818331721658dfa7a1ea847a"
  integrity sha512-RhrHzprJt3KfBe4L3sE0Ha6fj4kYcwQtesQgscnld9Umf64+nZnxxInycnbimKsbIjxJONv77JIZp+qRbJD+bA==
